{
  "name": "random-port-promise",
  "version": "1.0.0",
  "lockfileVersion": 2,
  "requires": true,
  "packages": {
    "": {
      "name": "random-port-promise",
      "version": "1.0.0",
      "license": "MIT",
      "dependencies": {
        "random-port": "^0.1.0"
      }
    },
    "node_modules/random-port": {
      "version": "0.1.0",
      "resolved": "https://registry.npmjs.org/random-port/-/random-port-0.1.0.tgz",
      "integrity": "sha1-v83GQLMt+CSs1DcR8axbeUP1RFM="
    }
  },
  "dependencies": {
    "random-port": {
      "version": "0.1.0",
      "resolved": "https://registry.npmjs.org/random-port/-/random-port-0.1.0.tgz",
      "integrity": "sha1-v83GQLMt+CSs1DcR8axbeUP1RFM="
    }
  }
}
